
Microsoft Visual Studio Solution File, Format Version 12.00
Project("{FAE04EC0-301F-11D3-BF4B-00C04F79EFBC}") = "advent-2022", "advent-2022\advent-2022.csproj", "{2CFB50C6-D643-484D-A4E1-737F8A23DEDE}"
EndProject
Global
	GlobalSection(SolutionConfigurationPlatforms) = preSolution
		Debug|Any CPU = Debug|Any CPU
		Release|Any CPU = Release|Any CPU
	EndGlobalSection
	GlobalSection(ProjectConfigurationPlatforms) = postSolution
		{2CFB50C6-D643-484D-A4E1-737F8A23DEDE}.Debug|Any CPU.ActiveCfg = Debug|Any CPU
		{2CFB50C6-D643-484D-A4E1-737F8A23DEDE}.Debug|Any CPU.Build.0 = Debug|Any CPU
		{2CFB50C6-D643-484D-A4E1-737F8A23DEDE}.Release|Any CPU.ActiveCfg = Release|Any CPU
		{2CFB50C6-D643-484D-A4E1-737F8A23DEDE}.Release|Any CPU.Build.0 = Release|Any CPU
	EndGlobalSection
EndGlobal
